// !$*UTF8*$!
{
	archiveVersion = 1;
	classes = {
	};
	objectVersion = 50;
	objects = {

/* Begin PBXBuildFile section */
		907252B4231CF0A200CB7046 /* AppDelegate.m in Sources */ = {isa = PBXBuildFile; fileRef = 907252B3231CF0A200CB7046 /* AppDelegate.m */; };
		907252B7231CF0A200CB7046 /* ViewController.m in Sources */ = {isa = PBXBuildFile; fileRef = 907252B6231CF0A200CB7046 /* ViewController.m */; };
		907252BA231CF0A200CB7046 /* Main.storyboard in Resources */ = {isa = PBXBuildFile; fileRef = 907252B8231CF0A200CB7046 /* Main.storyboard */; };
		907252BC231CF0A300CB7046 /* Assets.xcassets in Resources */ = {isa = PBXBuildFile; fileRef = 907252BB231CF0A300CB7046 /* Assets.xcassets */; };
		907252BF231CF0A300CB7046 /* LaunchScreen.storyboard in Resources */ = {isa = PBXBuildFile; fileRef = 907252BD231CF0A300CB7046 /* LaunchScreen.storyboard */; };
		907252C2231CF0A300CB7046 /* main.m in Sources */ = {isa = PBXBuildFile; fileRef = 907252C1231CF0A300CB7046 /* main.m */; };
		907252CC231CF0A300CB7046 /* iOSAPPTests.m in Sources */ = {isa = PBXBuildFile; fileRef = 907252CB231CF0A300CB7046 /* iOSAPPTests.m */; };
		907252D7231CF0A300CB7046 /* iOSAPPUITests.m in Sources */ = {isa = PBXBuildFile; fileRef = 907252D6231CF0A300CB7046 /* iOSAPPUITests.m */; };
/* End PBXBuildFile section */

/* Begin PBXContainerItemProxy section */
		907252C8231CF0A300CB7046 /* PBXContainerItemProxy */ = {
			isa = PBXContainerItemProxy;
			containerPortal = 907252A7231CF0A200CB7046 /* Project object */;
			proxyType = 1;
			remoteGlobalIDString = 907252AE231CF0A200CB7046;
			remoteInfo = iOSAPP;
		};
		907252D3231CF0A300CB7046 /* PBXContainerItemProxy */ = {
			isa = PBXContainerItemProxy;
			containerPortal = 907252A7231CF0A200CB7046 /* Project object */;
			proxyType = 1;
			remoteGlobalIDString = 907252AE231CF0A200CB7046;
			remoteInfo = iOSAPP;
		};
/* End PBXContainerItemProxy section */

/* Begin PBXFileReference section */
		907252AF231CF0A200CB7046 /* iOSAPP.app */ = {isa = PBXFileReference; explicitFileType = wrapper.application; includeInIndex = 0; path = iOSAPP.app; sourceTree = BUILT_PRODUCTS_DIR; };
		907252B2231CF0A200CB7046 /* AppDelegate.h */ = {isa = PBXFileReference; lastKnownFileType = sourcecode.c.h; path = AppDelegate.h; sourceTree = "<group>"; };
		907252B3231CF0A200CB7046 /* AppDelegate.m */ = {isa = PBXFileReference; lastKnownFileType = sourcecode.c.objc; path = AppDelegate.m; sourceTree = "<group>"; };
		907252B5231CF0A200CB7046 /* ViewController.h */ = {isa = PBXFileReference; lastKnownFileType = sourcecode.c.h; path = ViewController.h; sourceTree = "<group>"; };
		907252B6231CF0A200CB7046 /* ViewController.m */ = {isa = PBXFileReference; lastKnownFileType = sourcecode.c.objc; path = ViewController.m; sourceTree = "<group>"; };
		907252B9231CF0A200CB7046 /* Base */ = {isa = PBXFileReference; lastKnownFileType = file.storyboard; name = Base; path = Base.lproj/Main.storyboard; sourceTree = "<group>"; };
		907252BB231CF0A300CB7046 /* Assets.xcassets */ = {isa = PBXFileReference; lastKnownFileType = folder.assetcatalog; path = Assets.xcassets; sourceTree = "<group>"; };
		907252BE231CF0A300CB7046 /* Base */ = {isa = PBXFileReference; lastKnownFileType = file.storyboard; name = Base; path = Base.lproj/LaunchScreen.storyboard; sourceTree = "<group>"; };
		907252C0231CF0A300CB7046 /* Info.plist */ = {isa = PBXFileReference; lastKnownFileType = text.plist.xml; path = Info.plist; sourceTree = "<group>"; };
		907252C1231CF0A300CB7046 /* main.m */ = {isa = PBXFileReference; lastKnownFileType = sourcecode.c.objc; path = main.m; sourceTree = "<group>"; };
		907252C7231CF0A300CB7046 /* iOSAPPTests.xctest */ = {isa = PBXFileReference; explicitFileType = wrapper.cfbundle; includeInIndex = 0; path = iOSAPPTests.xctest; sourceTree = BUILT_PRODUCTS_DIR; };
		907252CB231CF0A300CB7046 /* iOSAPPTests.m */ = {isa = PBXFileReference; lastKnownFileType = sourcecode.c.objc; path = iOSAPPTests.m; sourceTree = "<group>"; };
		907252CD231CF0A300CB7046 /* Info.plist */ = {isa = PBXFileReference; lastKnownFileType = text.plist.xml; path = Info.plist; sourceTree = "<group>"; };
		907252D2231CF0A300CB7046 /* iOSAPPUITests.xctest */ = {isa = PBXFileReference; explicitFileType = wrapper.cfbundle; includeInIndex = 0; path = iOSAPPUITests.xctest; sourceTree = BUILT_PRODUCTS_DIR; };
		907252D6231CF0A300CB7046 /* iOSAPPUITests.m */ = {isa = PBXFileReference; lastKnownFileType = sourcecode.c.objc; path = iOSAPPUITests.m; sourceTree = "<group>"; };
		907252D8231CF0A300CB7046 /* Info.plist */ = {isa = PBXFileReference; lastKnownFileType = text.plist.xml; path = Info.plist; sourceTree = "<group>"; };
/* End PBXFileReference section */

/* Begin PBXFrameworksBuildPhase section */
		907252AC231CF0A200CB7046 /* Frameworks */ = {
			isa = PBXFrameworksBuildPhase;
			buildActionMask = 2147483647;
			files = (
			);
			runOnlyForDeploymentPostprocessing = 0;
		};
		907252C4231CF0A300CB7046 /* Frameworks */ = {
			isa = PBXFrameworksBuildPhase;
			buildActionMask = 2147483647;
			files = (
			);
			runOnlyForDeploymentPostprocessing = 0;
		};
		907252CF231CF0A300CB7046 /* Frameworks */ = {
			isa = PBXFrameworksBuildPhase;
			buildActionMask = 2147483647;
			files = (
			);
			runOnlyForDeploymentPostprocessing = 0;
		};
/* End PBXFrameworksBuildPhase section */

/* Begin PBXGroup section */
		907252A6231CF0A200CB7046 = {
			isa = PBXGroup;
			children = (
				907252B1231CF0A200CB7046 /* iOSAPP */,
				907252CA231CF0A300CB7046 /* iOSAPPTests */,
				907252D5231CF0A300CB7046 /* iOSAPPUITests */,
				907252B0231CF0A200CB7046 /* Products */,
			);
			sourceTree = "<group>";
		};
		907252B0231CF0A200CB7046 /* Products */ = {
			isa = PBXGroup;
			children = (
				907252AF231CF0A200CB7046 /* iOSAPP.app */,
				907252C7231CF0A300CB7046 /* iOSAPPTests.xctest */,
				907252D2231CF0A300CB7046 /* iOSAPPUITests.xctest */,
			);
			name = Products;
			sourceTree = "<group>";
		};
		907252B1231CF0A200CB7046 /* iOSAPP */ = {
			isa = PBXGroup;
			children = (
				907252B2231CF0A200CB7046 /* AppDelegate.h */,
				907252B3231CF0A200CB7046 /* AppDelegate.m */,
				907252B5231CF0A200CB7046 /* ViewController.h */,
				907252B6231CF0A200CB7046 /* ViewController.m */,
				907252B8231CF0A200CB7046 /* Main.storyboard */,
				907252BB231CF0A300CB7046 /* Assets.xcassets */,
				907252BD231CF0A300CB7046 /* LaunchScreen.storyboard */,
				907252C0231CF0A300CB7046 /* Info.plist */,
				907252C1231CF0A300CB7046 /* main.m */,
			);
			path = iOSAPP;
			sourceTree = "<group>";
		};
		907252CA231CF0A300CB7046 /* iOSAPPTests */ = {
			isa = PBXGroup;
			children = (
				907252CB231CF0A300CB7046 /* iOSAPPTests.m */,
				907252CD231CF0A300CB7046 /* Info.plist */,
			);
			path = iOSAPPTests;
			sourceTree = "<group>";
		};
		907252D5231CF0A300CB7046 /* iOSAPPUITests */ = {
			isa = PBXGroup;
			children = (
				907252D6231CF0A300CB7046 /* iOSAPPUITests.m */,
				907252D8231CF0A300CB7046 /* Info.plist */,
			);
			path = iOSAPPUITests;
			sourceTree = "<group>";
		};
/* End PBXGroup section */

/* Begin PBXNativeTarget section */
		907252AE231CF0A200CB7046 /* iOSAPP */ = {
			isa = PBXNativeTarget;
			buildConfigurationList = 907252DB231CF0A300CB7046 /* Build configuration list for PBXNativeTarget "iOSAPP" */;
			buildPhases = (
				907252AB231CF0A200CB7046 /* Sources */,
				907252AC231CF0A200CB7046 /* Frameworks */,
				907252AD231CF0A200CB7046 /* Resources */,
			);
			buildRules = (
			);
			dependencies = (
			);
			name = iOSAPP;
			productName = iOSAPP;
			productReference = 907252AF231CF0A200CB7046 /* iOSAPP.app */;
			productType = "com.apple.product-type.application";
		};
		907252C6231CF0A300CB7046 /* iOSAPPTests */ = {
			isa = PBXNativeTarget;
			buildConfigurationList = 907252DE231CF0A300CB7046 /* Build configuration list for PBXNativeTarget "iOSAPPTests" */;
			buildPhases = (
				907252C3231CF0A300CB7046 /* Sources */,
				907252C4231CF0A300CB7046 /* Frameworks */,
				907252C5231CF0A300CB7046 /* Resources */,
			);
			buildRules = (
			);
			dependencies = (
				907252C9231CF0A300CB7046 /* PBXTargetDependency */,
			);
			name = iOSAPPTests;
			productName = iOSAPPTests;
			productReference = 907252C7231CF0A300CB7046 /* iOSAPPTests.xctest */;
			productType = "com.apple.product-type.bundle.unit-test";
		};
		907252D1231CF0A300CB7046 /* iOSAPPUITests */ = {
			isa = PBXNativeTarget;
			buildConfigurationList = 907252E1231CF0A300CB7046 /* Build configuration list for PBXNativeTarget "iOSAPPUITests" */;
			buildPhases = (
				907252CE231CF0A300CB7046 /* Sources */,
				907252CF231CF0A300CB7046 /* Frameworks */,
				907252D0231CF0A300CB7046 /* Resources */,
			);
			buildRules = (
			);
			dependencies = (
				907252D4231CF0A300CB7046 /* PBXTargetDependency */,
			);
			name = iOSAPPUITests;
			productName = iOSAPPUITests;
			productReference = 907252D2231CF0A300CB7046 /* iOSAPPUITests.xctest */;
			productType = "com.apple.product-type.bundle.ui-testing";
		};
/* End PBXNativeTarget section */

/* Begin PBXProject section */
		907252A7231CF0A200CB7046 /* Project object */ = {
			isa = PBXProject;
			attributes = {
				LastUpgradeCheck = 1020;
				ORGANIZATIONNAME = "刘旭";
				TargetAttributes = {
					907252AE231CF0A200CB7046 = {
						CreatedOnToolsVersion = 10.2;
					};
					907252C6231CF0A300CB7046 = {
						CreatedOnToolsVersion = 10.2;
						TestTargetID = 907252AE231CF0A200CB7046;
					};
					907252D1231CF0A300CB7046 = {
						CreatedOnToolsVersion = 10.2;
						TestTargetID = 907252AE231CF0A200CB7046;
					};
				};
			};
			buildConfigurationList = 907252AA231CF0A200CB7046 /* Build configuration list for PBXProject "iOSAPP" */;
			compatibilityVersion = "Xcode 9.3";
			developmentRegion = en;
			hasScannedForEncodings = 0;
			knownRegions = (
				en,
				Base,
			);
			mainGroup = 907252A6231CF0A200CB7046;
			productRefGroup = 907252B0231CF0A200CB7046 /* Products */;
			projectDirPath = "";
			projectRoot = "";
			targets = (
				907252AE231CF0A200CB7046 /* iOSAPP */,
				907252C6231CF0A300CB7046 /* iOSAPPTests */,
				907252D1231CF0A300CB7046 /* iOSAPPUITests */,
			);
		};
/* End PBXProject section */

/* Begin PBXResourcesBuildPhase section */
		907252AD231CF0A200CB7046 /* Resources */ = {
			isa = PBXResourcesBuildPhase;
			buildActionMask = 2147483647;
			files = (
				907252BF231CF0A300CB7046 /* LaunchScreen.storyboard in Resources */,
				907252BC231CF0A300CB7046 /* Assets.xcassets in Resources */,
				907252BA231CF0A200CB7046 /* Main.storyboard in Resources */,
			);
			runOnlyForDeploymentPostprocessing = 0;
		};
		907252C5231CF0A300CB7046 /* Resources */ = {
			isa = PBXResourcesBuildPhase;
			buildActionMask = 2147483647;
			files = (
			);
			runOnlyForDeploymentPostprocessing = 0;
		};
		907252D0231CF0A300CB7046 /* Resources */ = {
			isa = PBXResourcesBuildPhase;
			buildActionMask = 2147483647;
			files = (
			);
			runOnlyForDeploymentPostprocessing = 0;
		};
/* End PBXResourcesBuildPhase section */

/* Begin PBXSourcesBuildPhase section */
		907252AB231CF0A200CB7046 /* Sources */ = {
			isa = PBXSourcesBuildPhase;
			buildActionMask = 2147483647;
			files = (
				907252B7231CF0A200CB7046 /* ViewController.m in Sources */,
				907252C2231CF0A300CB7046 /* main.m in Sources */,
				907252B4231CF0A200CB7046 /* AppDelegate.m in Sources */,
			);
			runOnlyForDeploymentPostprocessing = 0;
		};
		907252C3231CF0A300CB7046 /* Sources */ = {
			isa = PBXSourcesBuildPhase;
			buildActionMask = 2147483647;
			files = (
				907252CC231CF0A300CB7046 /* iOSAPPTests.m in Sources */,
			);
			runOnlyForDeploymentPostprocessing = 0;
		};
		907252CE231CF0A300CB7046 /* Sources */ = {
			isa = PBXSourcesBuildPhase;
			buildActionMask = 2147483647;
			files = (
				907252D7231CF0A300CB7046 /* iOSAPPUITests.m in Sources */,
			);
			runOnlyForDeploymentPostprocessing = 0;
		};
/* End PBXSourcesBuildPhase section */

/* Begin PBXTargetDependency section */
		907252C9231CF0A300CB7046 /* PBXTargetDependency */ = {
			isa = PBXTargetDependency;
			target = 907252AE231CF0A200CB7046 /* iOSAPP */;
			targetProxy = 907252C8231CF0A300CB7046 /* PBXContainerItemProxy */;
		};
		907252D4231CF0A300CB7046 /* PBXTargetDependency */ = {
			isa = PBXTargetDependency;
			target = 907252AE231CF0A200CB7046 /* iOSAPP */;
			targetProxy = 907252D3231CF0A300CB7046 /* PBXContainerItemProxy */;
		};
/* End PBXTargetDependency section */

/* Begin PBXVariantGroup section */
		907252B8231CF0A200CB7046 /* Main.storyboard */ = {
			isa = PBXVariantGroup;
			children = (
				907252B9231CF0A200CB7046 /* Base */,
			);
			name = Main.storyboard;
			sourceTree = "<group>";
		};
		907252BD231CF0A300CB7046 /* LaunchScreen.storyboard */ = {
			isa = PBXVariantGroup;
			children = (
				907252BE231CF0A300CB7046 /* Base */,
			);
			name = LaunchScreen.storyboard;
			sourceTree = "<group>";
		};
/* End PBXVariantGroup section */

/* Begin XCBuildConfiguration section */
		907252D9231CF0A300CB7046 /* Debug */ = {
			isa = XCBuildConfiguration;
			buildSettings = {
				ALWAYS_SEARCH_USER_PATHS = NO;
				CLANG_ANALYZER_NONNULL = YES;
				CLANG_ANALYZER_NUMBER_OBJECT_CONVERSION = YES_AGGRESSIVE;
				CLANG_CXX_LANGUAGE_STANDARD = "gnu++14";
				CLANG_CXX_LIBRARY = "libc++";
				CLANG_ENABLE_MODULES = YES;
				CLANG_ENABLE_OBJC_ARC = YES;
				CLANG_ENABLE_OBJC_WEAK = YES;
				CLANG_WARN_BLOCK_CAPTURE_AUTORELEASING = YES;
				CLANG_WARN_BOOL_CONVERSION = YES;
				CLANG_WARN_COMMA = YES;
				CLANG_WARN_CONSTANT_CONVERSION = YES;
				CLANG_WARN_DEPRECATED_OBJC_IMPLEMENTATIONS = YES;
				CLANG_WARN_DIRECT_OBJC_ISA_USAGE = YES_ERROR;
				CLANG_WARN_DOCUMENTATION_COMMENTS = YES;
				CLANG_WARN_EMPTY_BODY = YES;
				CLANG_WARN_ENUM_CONVERSION = YES;
				CLANG_WARN_INFINITE_RECURSION = YES;
				CLANG_WARN_INT_CONVERSION = YES;
				CLANG_WARN_NON_LITERAL_NULL_CONVERSION = YES;
				CLANG_WARN_OBJC_IMPLICIT_RETAIN_SELF = YES;
				CLANG_WARN_OBJC_LITERAL_CONVERSION = YES;
				CLANG_WARN_OBJC_ROOT_CLASS = YES_ERROR;
				CLANG_WARN_RANGE_LOOP_ANALYSIS = YES;
				CLANG_WARN_STRICT_PROTOTYPES = YES;
				CLANG_WARN_SUSPICIOUS_MOVE = YES;
				CLANG_WARN_UNGUARDED_AVAILABILITY = YES_AGGRESSIVE;
				CLANG_WARN_UNREACHABLE_CODE = YES;
				CLANG_WARN__DUPLICATE_METHOD_MATCH = YES;
				CODE_SIGN_IDENTITY = "iPhone Developer";
				COPY_PHASE_STRIP = NO;
				DEBUG_INFORMATION_FORMAT = dwarf;
				ENABLE_STRICT_OBJC_MSGSEND = YES;
				ENABLE_TESTABILITY = YES;
				GCC_C_LANGUAGE_STANDARD = gnu11;
				GCC_DYNAMIC_NO_PIC = NO;
				GCC_NO_COMMON_BLOCKS = YES;
				GCC_OPTIMIZATION_LEVEL = 0;
				GCC_PREPROCESSOR_DEFINITIONS = (
					"DEBUG=1",
					"$(inherited)",
				);
				GCC_WARN_64_TO_32_BIT_CONVERSION = YES;
				GCC_WARN_ABOUT_RETURN_TYPE = YES_ERROR;
				GCC_WARN_UNDECLARED_SELECTOR = YES;
				GCC_WARN_UNINITIALIZED_AUTOS = YES_AGGRESSIVE;
				GCC_WARN_UNUSED_FUNCTION = YES;
				GCC_WARN_UNUSED_VARIABLE = YES;
				IPHONEOS_DEPLOYMENT_TARGET = 12.2;
				MTL_ENABLE_DEBUG_INFO = INCLUDE_SOURCE;
				MTL_FAST_MATH = YES;
				ONLY_ACTIVE_ARCH = YES;
				SDKROOT = iphoneos;
			};
			name = Debug;
		};
		907252DA231CF0A300CB7046 /* Release */ = {
			isa = XCBuildConfiguration;
			buildSettings = {
				ALWAYS_SEARCH_USER_PATHS = NO;
				CLANG_ANALYZER_NONNULL = YES;
				CLANG_ANALYZER_NUMBER_OBJECT_CONVERSION = YES_AGGRESSIVE;
				CLANG_CXX_LANGUAGE_STANDARD = "gnu++14";
				CLANG_CXX_LIBRARY = "libc++";
				CLANG_ENABLE_MODULES = YES;
				CLANG_ENABLE_OBJC_ARC = YES;
				CLANG_ENABLE_OBJC_WEAK = YES;
				CLANG_WARN_BLOCK_CAPTURE_AUTORELEASING = YES;
				CLANG_WARN_BOOL_CONVERSION = YES;
				CLANG_WARN_COMMA = YES;
				CLANG_WARN_CONSTANT_CONVERSION = YES;
				CLANG_WARN_DEPRECATED_OBJC_IMPLEMENTATIONS = YES;
				CLANG_WARN_DIRECT_OBJC_ISA_USAGE = YES_ERROR;
				CLANG_WARN_DOCUMENTATION_COMMENTS = YES;
				CLANG_WARN_EMPTY_BODY = YES;
				CLANG_WARN_ENUM_CONVERSION = YES;
				CLANG_WARN_INFINITE_RECURSION = YES;
				CLANG_WARN_INT_CONVERSION = YES;
				CLANG_WARN_NON_LITERAL_NULL_CONVERSION = YES;
				CLANG_WARN_OBJC_IMPLICIT_RETAIN_SELF = YES;
				CLANG_WARN_OBJC_LITERAL_CONVERSION = YES;
				CLANG_WARN_OBJC_ROOT_CLASS = YES_ERROR;
				CLANG_WARN_RANGE_LOOP_ANALYSIS = YES;
				CLANG_WARN_STRICT_PROTOTYPES = YES;
				CLANG_WARN_SUSPICIOUS_MOVE = YES;
				CLANG_WARN_UNGUARDED_AVAILABILITY = YES_AGGRESSIVE;
				CLANG_WARN_UNREACHABLE_CODE = YES;
				CLANG_WARN__DUPLICATE_METHOD_MATCH = YES;
				CODE_SIGN_IDENTITY = "iPhone Developer";
				COPY_PHASE_STRIP = NO;
				DEBUG_INFORMATION_FORMAT = "dwarf-with-dsym";
				ENABLE_NS_ASSERTIONS = NO;
				ENABLE_STRICT_OBJC_MSGSEND = YES;
				GCC_C_LANGUAGE_STANDARD = gnu11;
				GCC_NO_COMMON_BLOCKS = YES;
				GCC_WARN_64_TO_32_BIT_CONVERSION = YES;
				GCC_WARN_ABOUT_RETURN_TYPE = YES_ERROR;
				GCC_WARN_UNDECLARED_SELECTOR = YES;
				GCC_WARN_UNINITIALIZED_AUTOS = YES_AGGRESSIVE;
				GCC_WARN_UNUSED_FUNCTION = YES;
				GCC_WARN_UNUSED_VARIABLE = YES;
				IPHONEOS_DEPLOYMENT_TARGET = 12.2;
				MTL_ENABLE_DEBUG_INFO = NO;
				MTL_FAST_MATH = YES;
				SDKROOT = iphoneos;
				VALIDATE_PRODUCT = YES;
			};
			name = Release;
		};
		907252DC231CF0A300CB7046 /* Debug */ = {
			isa = XCBuildConfiguration;
			buildSettings = {
				ASSETCATALOG_COMPILER_APPICON_NAME = AppIcon;
				CODE_SIGN_STYLE = Automatic;
				DEVELOPMENT_TEAM = TKDYVGMBKJ;
				INFOPLIST_FILE = iOSAPP/Info.plist;
				LD_RUNPATH_SEARCH_PATHS = (
					"$(inherited)",
					"@executable_path/Frameworks",
				);
				PRODUCT_BUNDLE_IDENTIFIER = lxlxlx;
				PRODUCT_NAME = "$(TARGET_NAME)";
				TARGETED_DEVICE_FAMILY = "1,2";
			};
			name = Debug;
		};
		907252DD231CF0A300CB7046 /* Release */ = {
			isa = XCBuildConfiguration;
			buildSettings = {
				ASSETCATALOG_COMPILER_APPICON_NAME = AppIcon;
				CODE_SIGN_STYLE = Automatic;
				DEVELOPMENT_TEAM = TKDYVGMBKJ;
				INFOPLIST_FILE = iOSAPP/Info.plist;
				LD_RUNPATH_SEARCH_PATHS = (
					"$(inherited)",
					"@executable_path/Frameworks",
				);
				PRODUCT_BUNDLE_IDENTIFIER = lxlxlx;
				PRODUCT_NAME = "$(TARGET_NAME)";
				TARGETED_DEVICE_FAMILY = "1,2";
			};
			name = Release;
		};
		907252DF231CF0A300CB7046 /* Debug */ = {
			isa = XCBuildConfiguration;
			buildSettings = {
				BUNDLE_LOADER = "$(TEST_HOST)";
				CODE_SIGN_STYLE = Automatic;
				DEVELOPMENT_TEAM = TKDYVGMBKJ;
				INFOPLIST_FILE = iOSAPPTests/Info.plist;
				LD_RUNPATH_SEARCH_PATHS = (
					"$(inherited)",
					"@executable_path/Frameworks",
					"@loader_path/Frameworks",
				);
				PRODUCT_BUNDLE_IDENTIFIER = lx.iOSAPPTests;
				PRODUCT_NAME = "$(TARGET_NAME)";
				TARGETED_DEVICE_FAMILY = "1,2";
				TEST_HOST = "$(BUILT_PRODUCTS_DIR)/iOSAPP.app/iOSAPP";
			};
			name = Debug;
		};
		907252E0231CF0A300CB7046 /* Release */ = {
			isa = XCBuildConfiguration;
			buildSettings = {
				BUNDLE_LOADER = "$(TEST_HOST)";
				CODE_SIGN_STYLE = Automatic;
				DEVELOPMENT_TEAM = TKDYVGMBKJ;
				INFOPLIST_FILE = iOSAPPTests/Info.plist;
				LD_RUNPATH_SEARCH_PATHS = (
					"$(inherited)",
					"@executable_path/Frameworks",
					"@loader_path/Frameworks",
				);
				PRODUCT_BUNDLE_IDENTIFIER = lx.iOSAPPTests;
				PRODUCT_NAME = "$(TARGET_NAME)";
				TARGETED_DEVICE_FAMILY = "1,2";
				TEST_HOST = "$(BUILT_PRODUCTS_DIR)/iOSAPP.app/iOSAPP";
			};
			name = Release;
		};
		907252E2231CF0A300CB7046 /* Debug */ = {
			isa = XCBuildConfiguration;
			buildSettings = {
				CODE_SIGN_STYLE = Automatic;
				DEVELOPMENT_TEAM = TKDYVGMBKJ;
				INFOPLIST_FILE = iOSAPPUITests/Info.plist;
				LD_RUNPATH_SEARCH_PATHS = (
					"$(inherited)",
					"@executable_path/Frameworks",
					"@loader_path/Frameworks",
				);
				PRODUCT_BUNDLE_IDENTIFIER = lx.iOSAPPUITests;
				PRODUCT_NAME = "$(TARGET_NAME)";
				TARGETED_DEVICE_FAMILY = "1,2";
				TEST_TARGET_NAME = iOSAPP;
			};
			name = Debug;
		};
		907252E3231CF0A300CB7046 /* Release */ = {
			isa = XCBuildConfiguration;
			buildSettings = {
				CODE_SIGN_STYLE = Automatic;
				DEVELOPMENT_TEAM = TKDYVGMBKJ;
				INFOPLIST_FILE = iOSAPPUITests/Info.plist;
				LD_RUNPATH_SEARCH_PATHS = (
					"$(inherited)",
					"@executable_path/Frameworks",
					"@loader_path/Frameworks",
				);
				PRODUCT_BUNDLE_IDENTIFIER = lx.iOSAPPUITests;
				PRODUCT_NAME = "$(TARGET_NAME)";
				TARGETED_DEVICE_FAMILY = "1,2";
				TEST_TARGET_NAME = iOSAPP;
			};
			name = Release;
		};
/* End XCBuildConfiguration section */

/* Begin XCConfigurationList section */
		907252AA231CF0A200CB7046 /* Build configuration list for PBXProject "iOSAPP" */ = {
			isa = XCConfigurationList;
			buildConfigurations = (
				907252D9231CF0A300CB7046 /* Debug */,
				907252DA231CF0A300CB7046 /* Release */,
			);
			defaultConfigurationIsVisible = 0;
			defaultConfigurationName = Release;
		};
		907252DB231CF0A300CB7046 /* Build configuration list for PBXNativeTarget "iOSAPP" */ = {
			isa = XCConfigurationList;
			buildConfigurations = (
				907252DC231CF0A300CB7046 /* Debug */,
				907252DD231CF0A300CB7046 /* Release */,
			);
			defaultConfigurationIsVisible = 0;
			defaultConfigurationName = Release;
		};
		907252DE231CF0A300CB7046 /* Build configuration list for PBXNativeTarget "iOSAPPTests" */ = {
			isa = XCConfigurationList;
			buildConfigurations = (
				907252DF231CF0A300CB7046 /* Debug */,
				907252E0231CF0A300CB7046 /* Release */,
			);
			defaultConfigurationIsVisible = 0;
			defaultConfigurationName = Release;
		};
		907252E1231CF0A300CB7046 /* Build configuration list for PBXNativeTarget "iOSAPPUITests" */ = {
			isa = XCConfigurationList;
			buildConfigurations = (
				907252E2231CF0A300CB7046 /* Debug */,
				907252E3231CF0A300CB7046 /* Release */,
			);
			defaultConfigurationIsVisible = 0;
			defaultConfigurationName = Release;
		};
/* End XCConfigurationList section */
	};
	rootObject = 907252A7231CF0A200CB7046 /* Project object */;
}
